
Microsoft Visual Studio Solution File, Format Version 12.00
# Visual Studio Version 17
VisualStudioVersion = 17.0.31903.59
MinimumVisualStudioVersion = 10.0.40219.1
Project("{FAE04EC0-301F-11D3-BF4B-00C04F79EFBC}") = "NexusFit.Auth.API", "NexusFit.Auth.API.csproj", "{10ABA59F-2418-4176-A072-026AC1F6F67A}"
EndProject
Project("{2150E333-8FDC-42A3-9474-1A3956D46DE8}") = "tests", "tests", "{A9410385-0801-4AC4-8634-EFB1201E844F}"
EndProject
Project("{FAE04EC0-301F-11D3-BF4B-00C04F79EFBC}") = "NexusFit.Auth.FunctionalTests", "..\tests\NexusFit.Auth.FunctionalTests\NexusFit.Auth.FunctionalTests.csproj", "{7AAAE4E5-3687-443F-B20E-383B91BDD062}"
EndProject
Global
	GlobalSection(SolutionConfigurationPlatforms) = preSolution
		Debug|Any CPU = Debug|Any CPU
		Release|Any CPU = Release|Any CPU
	EndGlobalSection
	GlobalSection(SolutionProperties) = preSolution
		HideSolutionNode = FALSE
	EndGlobalSection
	GlobalSection(ProjectConfigurationPlatforms) = postSolution
		{10ABA59F-2418-4176-A072-026AC1F6F67A}.Debug|Any CPU.ActiveCfg = Debug|Any CPU
		{10ABA59F-2418-4176-A072-026AC1F6F67A}.Debug|Any CPU.Build.0 = Debug|Any CPU
		{10ABA59F-2418-4176-A072-026AC1F6F67A}.Release|Any CPU.ActiveCfg = Release|Any CPU
		{10ABA59F-2418-4176-A072-026AC1F6F67A}.Release|Any CPU.Build.0 = Release|Any CPU
		{7AAAE4E5-3687-443F-B20E-383B91BDD062}.Debug|Any CPU.ActiveCfg = Debug|Any CPU
		{7AAAE4E5-3687-443F-B20E-383B91BDD062}.Debug|Any CPU.Build.0 = Debug|Any CPU
		{7AAAE4E5-3687-443F-B20E-383B91BDD062}.Release|Any CPU.ActiveCfg = Release|Any CPU
		{7AAAE4E5-3687-443F-B20E-383B91BDD062}.Release|Any CPU.Build.0 = Release|Any CPU
	EndGlobalSection
	GlobalSection(NestedProjects) = preSolution
		{7AAAE4E5-3687-443F-B20E-383B91BDD062} = {A9410385-0801-4AC4-8634-EFB1201E844F}
	EndGlobalSection
EndGlobal
