
Microsoft Visual Studio Solution File, Format Version 12.00
# Visual Studio Version 17
VisualStudioVersion = 17.0.31903.59
MinimumVisualStudioVersion = 10.0.40219.1
Project("{2150E333-8FDC-42A3-9474-1A3956D46DE8}") = "src", "src", "{6994F71E-75CA-4E83-A943-2F62FE24A9F7}"
EndProject
Project("{2150E333-8FDC-42A3-9474-1A3956D46DE8}") = "Services", "Services", "{8FD0E89E-D714-45BA-B816-293590766768}"
EndProject
Project("{2150E333-8FDC-42A3-9474-1A3956D46DE8}") = "Auth", "Auth", "{C9C2F2A6-1F1F-4CFF-B0EE-9404C1D0E3D0}"
EndProject
Project("{E53339B2-1760-4266-BCC7-CA923CBCF16C}") = "docker-compose", "docker-compose.dcproj", "{B33D986E-C94C-4A3A-BD5D-79533D8D9E99}"
EndProject
Project("{2150E333-8FDC-42A3-9474-1A3956D46DE8}") = "BuildingBlocks", "BuildingBlocks", "{92AB62C3-AAA9-4D28-896B-5EE0EE0368A8}"
EndProject
Project("{9A19103F-16F7-4668-BE54-9A1E7A4F7556}") = "NexusFit.BuildingBlocks.ExceptionHandling", "BuildingBlocks\NexusFit.BuildingBlocks.ExceptionHandling\NexusFit.BuildingBlocks.ExceptionHandling.csproj", "{94B77B0F-E963-4DEE-B236-BAE777D30F8B}"
EndProject
Project("{9A19103F-16F7-4668-BE54-9A1E7A4F7556}") = "NexusFit.BuildingBlocks.Logging", "BuildingBlocks\NexusFit.BuildingBlocks.Logging\NexusFit.BuildingBlocks.Logging.csproj", "{502EFDA6-440F-427A-B5A6-5A46A0A67454}"
EndProject
Project("{9A19103F-16F7-4668-BE54-9A1E7A4F7556}") = "NexusFit.Auth.API", "Services\Auth\NexusFit.Auth.API\NexusFit.Auth.API.csproj", "{AD5011C7-DC96-4E7C-87D7-FC6C4F480F26}"
EndProject
Project("{9A19103F-16F7-4668-BE54-9A1E7A4F7556}") = "NexusFit.BuildingBlocks.Extensions", "BuildingBlocks\NexusFit.BuildingBlocks.Extensions\NexusFit.BuildingBlocks.Extensions.csproj", "{11D86A96-98C1-48E7-AE5E-16793AFEAD63}"
EndProject
Project("{2150E333-8FDC-42A3-9474-1A3956D46DE8}") = "tests", "tests", "{75795366-6DBD-4674-86BC-EAE31E301118}"
EndProject
Project("{9A19103F-16F7-4668-BE54-9A1E7A4F7556}") = "NexusFit.Auth.FunctionalTests", "Services\Auth\tests\NexusFit.Auth.FunctionalTests\NexusFit.Auth.FunctionalTests.csproj", "{31904197-444D-4947-8E66-882B585D75E5}"
EndProject
Project("{2150E333-8FDC-42A3-9474-1A3956D46DE8}") = "Exercises", "Exercises", "{2767CC5D-DA9D-4195-9DD8-112A68A98901}"
EndProject
Project("{9A19103F-16F7-4668-BE54-9A1E7A4F7556}") = "NexusFit.Exercises.API", "Services\Exercises\NexusFit.Exercises.API\NexusFit.Exercises.API.csproj", "{F984438F-5D55-4D1D-AAF3-A6133D162CAB}"
EndProject
Project("{2150E333-8FDC-42A3-9474-1A3956D46DE8}") = "tests", "tests", "{996B6A46-2D7F-4D26-B02B-A9E6BF8E0D8E}"
EndProject
Project("{FAE04EC0-301F-11D3-BF4B-00C04F79EFBC}") = "NexusFit.Exercises.FunctionalTests", "Services\Exercises\tests\NexusFit.Exercises.FunctionalTests\NexusFit.Exercises.FunctionalTests.csproj", "{379D9B94-7CDF-498B-835E-7C5A6932F3A7}"
EndProject
Project("{FAE04EC0-301F-11D3-BF4B-00C04F79EFBC}") = "NexusFit.Exercises.IntegrationTests", "Services\Exercises\tests\NexusFit.Exercises.IntegrationTests\NexusFit.Exercises.IntegrationTests.csproj", "{8CAB786C-05E1-42BC-80A7-6E7787A8D62A}"
EndProject
Global
	GlobalSection(SolutionConfigurationPlatforms) = preSolution
		Debug|Any CPU = Debug|Any CPU
		Release|Any CPU = Release|Any CPU
	EndGlobalSection
	GlobalSection(ProjectConfigurationPlatforms) = postSolution
		{B33D986E-C94C-4A3A-BD5D-79533D8D9E99}.Debug|Any CPU.ActiveCfg = Debug|Any CPU
		{B33D986E-C94C-4A3A-BD5D-79533D8D9E99}.Debug|Any CPU.Build.0 = Debug|Any CPU
		{B33D986E-C94C-4A3A-BD5D-79533D8D9E99}.Release|Any CPU.ActiveCfg = Release|Any CPU
		{B33D986E-C94C-4A3A-BD5D-79533D8D9E99}.Release|Any CPU.Build.0 = Release|Any CPU
		{94B77B0F-E963-4DEE-B236-BAE777D30F8B}.Debug|Any CPU.ActiveCfg = Debug|Any CPU
		{94B77B0F-E963-4DEE-B236-BAE777D30F8B}.Debug|Any CPU.Build.0 = Debug|Any CPU
		{94B77B0F-E963-4DEE-B236-BAE777D30F8B}.Release|Any CPU.ActiveCfg = Release|Any CPU
		{94B77B0F-E963-4DEE-B236-BAE777D30F8B}.Release|Any CPU.Build.0 = Release|Any CPU
		{502EFDA6-440F-427A-B5A6-5A46A0A67454}.Debug|Any CPU.ActiveCfg = Debug|Any CPU
		{502EFDA6-440F-427A-B5A6-5A46A0A67454}.Debug|Any CPU.Build.0 = Debug|Any CPU
		{502EFDA6-440F-427A-B5A6-5A46A0A67454}.Release|Any CPU.ActiveCfg = Release|Any CPU
		{502EFDA6-440F-427A-B5A6-5A46A0A67454}.Release|Any CPU.Build.0 = Release|Any CPU
		{AD5011C7-DC96-4E7C-87D7-FC6C4F480F26}.Debug|Any CPU.ActiveCfg = Debug|Any CPU
		{AD5011C7-DC96-4E7C-87D7-FC6C4F480F26}.Debug|Any CPU.Build.0 = Debug|Any CPU
		{AD5011C7-DC96-4E7C-87D7-FC6C4F480F26}.Release|Any CPU.ActiveCfg = Release|Any CPU
		{AD5011C7-DC96-4E7C-87D7-FC6C4F480F26}.Release|Any CPU.Build.0 = Release|Any CPU
		{11D86A96-98C1-48E7-AE5E-16793AFEAD63}.Debug|Any CPU.ActiveCfg = Debug|Any CPU
		{11D86A96-98C1-48E7-AE5E-16793AFEAD63}.Debug|Any CPU.Build.0 = Debug|Any CPU
		{11D86A96-98C1-48E7-AE5E-16793AFEAD63}.Release|Any CPU.ActiveCfg = Release|Any CPU
		{11D86A96-98C1-48E7-AE5E-16793AFEAD63}.Release|Any CPU.Build.0 = Release|Any CPU
		{31904197-444D-4947-8E66-882B585D75E5}.Debug|Any CPU.ActiveCfg = Debug|Any CPU
		{31904197-444D-4947-8E66-882B585D75E5}.Debug|Any CPU.Build.0 = Debug|Any CPU
		{31904197-444D-4947-8E66-882B585D75E5}.Release|Any CPU.ActiveCfg = Release|Any CPU
		{31904197-444D-4947-8E66-882B585D75E5}.Release|Any CPU.Build.0 = Release|Any CPU
		{F984438F-5D55-4D1D-AAF3-A6133D162CAB}.Debug|Any CPU.ActiveCfg = Debug|Any CPU
		{F984438F-5D55-4D1D-AAF3-A6133D162CAB}.Debug|Any CPU.Build.0 = Debug|Any CPU
		{F984438F-5D55-4D1D-AAF3-A6133D162CAB}.Release|Any CPU.ActiveCfg = Release|Any CPU
		{F984438F-5D55-4D1D-AAF3-A6133D162CAB}.Release|Any CPU.Build.0 = Release|Any CPU
		{379D9B94-7CDF-498B-835E-7C5A6932F3A7}.Debug|Any CPU.ActiveCfg = Debug|Any CPU
		{379D9B94-7CDF-498B-835E-7C5A6932F3A7}.Debug|Any CPU.Build.0 = Debug|Any CPU
		{379D9B94-7CDF-498B-835E-7C5A6932F3A7}.Release|Any CPU.ActiveCfg = Release|Any CPU
		{379D9B94-7CDF-498B-835E-7C5A6932F3A7}.Release|Any CPU.Build.0 = Release|Any CPU
		{8CAB786C-05E1-42BC-80A7-6E7787A8D62A}.Debug|Any CPU.ActiveCfg = Debug|Any CPU
		{8CAB786C-05E1-42BC-80A7-6E7787A8D62A}.Debug|Any CPU.Build.0 = Debug|Any CPU
		{8CAB786C-05E1-42BC-80A7-6E7787A8D62A}.Release|Any CPU.ActiveCfg = Release|Any CPU
		{8CAB786C-05E1-42BC-80A7-6E7787A8D62A}.Release|Any CPU.Build.0 = Release|Any CPU
	EndGlobalSection
	GlobalSection(SolutionProperties) = preSolution
		HideSolutionNode = FALSE
	EndGlobalSection
	GlobalSection(NestedProjects) = preSolution
		{8FD0E89E-D714-45BA-B816-293590766768} = {6994F71E-75CA-4E83-A943-2F62FE24A9F7}
		{C9C2F2A6-1F1F-4CFF-B0EE-9404C1D0E3D0} = {8FD0E89E-D714-45BA-B816-293590766768}
		{92AB62C3-AAA9-4D28-896B-5EE0EE0368A8} = {6994F71E-75CA-4E83-A943-2F62FE24A9F7}
		{94B77B0F-E963-4DEE-B236-BAE777D30F8B} = {92AB62C3-AAA9-4D28-896B-5EE0EE0368A8}
		{502EFDA6-440F-427A-B5A6-5A46A0A67454} = {92AB62C3-AAA9-4D28-896B-5EE0EE0368A8}
		{AD5011C7-DC96-4E7C-87D7-FC6C4F480F26} = {C9C2F2A6-1F1F-4CFF-B0EE-9404C1D0E3D0}
		{11D86A96-98C1-48E7-AE5E-16793AFEAD63} = {92AB62C3-AAA9-4D28-896B-5EE0EE0368A8}
		{75795366-6DBD-4674-86BC-EAE31E301118} = {C9C2F2A6-1F1F-4CFF-B0EE-9404C1D0E3D0}
		{31904197-444D-4947-8E66-882B585D75E5} = {75795366-6DBD-4674-86BC-EAE31E301118}
		{2767CC5D-DA9D-4195-9DD8-112A68A98901} = {8FD0E89E-D714-45BA-B816-293590766768}
		{F984438F-5D55-4D1D-AAF3-A6133D162CAB} = {2767CC5D-DA9D-4195-9DD8-112A68A98901}
		{996B6A46-2D7F-4D26-B02B-A9E6BF8E0D8E} = {2767CC5D-DA9D-4195-9DD8-112A68A98901}
		{379D9B94-7CDF-498B-835E-7C5A6932F3A7} = {996B6A46-2D7F-4D26-B02B-A9E6BF8E0D8E}
		{8CAB786C-05E1-42BC-80A7-6E7787A8D62A} = {996B6A46-2D7F-4D26-B02B-A9E6BF8E0D8E}
	EndGlobalSection
	GlobalSection(ExtensibilityGlobals) = postSolution
		SolutionGuid = {0398A85E-CF94-4BAC-9651-B57C728D6690}
	EndGlobalSection
EndGlobal
